
Microsoft Visual Studio Solution File, Format Version 12.00
# Visual Studio Version 17
VisualStudioVersion = 17.10.35122.118
MinimumVisualStudioVersion = 10.0.40219.1
Project("{FAE04EC0-301F-11D3-BF4B-00C04F79EFBC}") = "API_BTN", "API_BTN\API_BTN.csproj", "{06F57266-F1E9-4C3E-ACD8-CC72AEC9A550}"
EndProject
Global
	GlobalSection(SolutionConfigurationPlatforms) = preSolution
		Debug|Any CPU = Debug|Any CPU
		Release|Any CPU = Release|Any CPU
	EndGlobalSection
	GlobalSection(ProjectConfigurationPlatforms) = postSolution
		{06F57266-F1E9-4C3E-ACD8-CC72AEC9A550}.Debug|Any CPU.ActiveCfg = Debug|Any CPU
		{06F57266-F1E9-4C3E-ACD8-CC72AEC9A550}.Debug|Any CPU.Build.0 = Debug|Any CPU
		{06F57266-F1E9-4C3E-ACD8-CC72AEC9A550}.Release|Any CPU.ActiveCfg = Release|Any CPU
		{06F57266-F1E9-4C3E-ACD8-CC72AEC9A550}.Release|Any CPU.Build.0 = Release|Any CPU
	EndGlobalSection
	GlobalSection(SolutionProperties) = preSolution
		HideSolutionNode = FALSE
	EndGlobalSection
	GlobalSection(ExtensibilityGlobals) = postSolution
		SolutionGuid = {D650210A-5A49-49DA-AA30-E70D08496DB9}
	EndGlobalSection
EndGlobal
